
Microsoft Visual Studio Solution File, Format Version 12.00
# Visual Studio Version 17
VisualStudioVersion = 17.0.31903.59
MinimumVisualStudioVersion = 10.0.40219.1
Project("{FAE04EC0-301F-11D3-BF4B-00C04F79EFBC}") = "API", "API\API.csproj", "{6C163DF1-30DB-4702-8742-AA290F3EF546}"
EndProject
Project("{FAE04EC0-301F-11D3-BF4B-00C04F79EFBC}") = "Core", "Core\Core.csproj", "{75D0443F-4BDC-4ACA-A51F-043C93998CB0}"
EndProject
Project("{FAE04EC0-301F-11D3-BF4B-00C04F79EFBC}") = "Infrastructure", "Infrastructure\Infrastructure.csproj", "{66997F4D-72F0-4739-9F89-03B6E04154E5}"
EndProject
Global
	GlobalSection(SolutionConfigurationPlatforms) = preSolution
		Debug|Any CPU = Debug|Any CPU
		Release|Any CPU = Release|Any CPU
	EndGlobalSection
	GlobalSection(SolutionProperties) = preSolution
		HideSolutionNode = FALSE
	EndGlobalSection
	GlobalSection(ProjectConfigurationPlatforms) = postSolution
		{6C163DF1-30DB-4702-8742-AA290F3EF546}.Debug|Any CPU.ActiveCfg = Debug|Any CPU
		{6C163DF1-30DB-4702-8742-AA290F3EF546}.Debug|Any CPU.Build.0 = Debug|Any CPU
		{6C163DF1-30DB-4702-8742-AA290F3EF546}.Release|Any CPU.ActiveCfg = Release|Any CPU
		{6C163DF1-30DB-4702-8742-AA290F3EF546}.Release|Any CPU.Build.0 = Release|Any CPU
		{75D0443F-4BDC-4ACA-A51F-043C93998CB0}.Debug|Any CPU.ActiveCfg = Debug|Any CPU
		{75D0443F-4BDC-4ACA-A51F-043C93998CB0}.Debug|Any CPU.Build.0 = Debug|Any CPU
		{75D0443F-4BDC-4ACA-A51F-043C93998CB0}.Release|Any CPU.ActiveCfg = Release|Any CPU
		{75D0443F-4BDC-4ACA-A51F-043C93998CB0}.Release|Any CPU.Build.0 = Release|Any CPU
		{66997F4D-72F0-4739-9F89-03B6E04154E5}.Debug|Any CPU.ActiveCfg = Debug|Any CPU
		{66997F4D-72F0-4739-9F89-03B6E04154E5}.Debug|Any CPU.Build.0 = Debug|Any CPU
		{66997F4D-72F0-4739-9F89-03B6E04154E5}.Release|Any CPU.ActiveCfg = Release|Any CPU
		{66997F4D-72F0-4739-9F89-03B6E04154E5}.Release|Any CPU.Build.0 = Release|Any CPU
	EndGlobalSection
EndGlobal
